
Microsoft Visual Studio Solution File, Format Version 12.00
# Visual Studio Version 17
VisualStudioVersion = 17.10.35013.160
MinimumVisualStudioVersion = 10.0.40219.1
Project("{FAE04EC0-301F-11D3-BF4B-00C04F79EFBC}") = "TrackerLibrary", "TrackerLibrary\TrackerLibrary.csproj", "{120B97D9-33E1-46E4-B954-06B2B9FAF063}"
EndProject
Project("{FAE04EC0-301F-11D3-BF4B-00C04F79EFBC}") = "TrackerUI", "TrackerUI\TrackerUI.csproj", "{988F7BA7-F70A-49DD-BD54-02EF69F6A6CF}"
EndProject
Global
	GlobalSection(SolutionConfigurationPlatforms) = preSolution
		Debug|Any CPU = Debug|Any CPU
		Release|Any CPU = Release|Any CPU
	EndGlobalSection
	GlobalSection(ProjectConfigurationPlatforms) = postSolution
		{120B97D9-33E1-46E4-B954-06B2B9FAF063}.Debug|Any CPU.ActiveCfg = Debug|Any CPU
		{120B97D9-33E1-46E4-B954-06B2B9FAF063}.Debug|Any CPU.Build.0 = Debug|Any CPU
		{120B97D9-33E1-46E4-B954-06B2B9FAF063}.Release|Any CPU.ActiveCfg = Release|Any CPU
		{120B97D9-33E1-46E4-B954-06B2B9FAF063}.Release|Any CPU.Build.0 = Release|Any CPU
		{988F7BA7-F70A-49DD-BD54-02EF69F6A6CF}.Debug|Any CPU.ActiveCfg = Debug|Any CPU
		{988F7BA7-F70A-49DD-BD54-02EF69F6A6CF}.Debug|Any CPU.Build.0 = Debug|Any CPU
		{988F7BA7-F70A-49DD-BD54-02EF69F6A6CF}.Release|Any CPU.ActiveCfg = Release|Any CPU
		{988F7BA7-F70A-49DD-BD54-02EF69F6A6CF}.Release|Any CPU.Build.0 = Release|Any CPU
	EndGlobalSection
	GlobalSection(SolutionProperties) = preSolution
		HideSolutionNode = FALSE
	EndGlobalSection
	GlobalSection(ExtensibilityGlobals) = postSolution
		SolutionGuid = {48D14AAB-460B-4453-A104-2E8750882986}
	EndGlobalSection
EndGlobal
